// !$*UTF8*$!
{
	archiveVersion = 1;
	classes = {
	};
	objectVersion = 56;
	objects = {

/* Begin PBXBuildFile section */
		8556D8762959E47B00ACC468 /* MyExpensesApp.swift in Sources */ = {isa = PBXBuildFile; fileRef = 8556D8752959E47B00ACC468 /* MyExpensesApp.swift */; };
		8556D8782959E47B00ACC468 /* ContentView.swift in Sources */ = {isa = PBXBuildFile; fileRef = 8556D8772959E47B00ACC468 /* ContentView.swift */; };
		8556D87A2959E47C00ACC468 /* Assets.xcassets in Resources */ = {isa = PBXBuildFile; fileRef = 8556D8792959E47C00ACC468 /* Assets.xcassets */; };
		8556D87E2959E47C00ACC468 /* Preview Assets.xcassets in Resources */ = {isa = PBXBuildFile; fileRef = 8556D87D2959E47C00ACC468 /* Preview Assets.xcassets */; };
		8556D8882959E47C00ACC468 /* MyExpensesTests.swift in Sources */ = {isa = PBXBuildFile; fileRef = 8556D8872959E47C00ACC468 /* MyExpensesTests.swift */; };
		8556D8922959E47C00ACC468 /* MyExpensesUITests.swift in Sources */ = {isa = PBXBuildFile; fileRef = 8556D8912959E47C00ACC468 /* MyExpensesUITests.swift */; };
		8556D8942959E47C00ACC468 /* MyExpensesUITestsLaunchTests.swift in Sources */ = {isa = PBXBuildFile; fileRef = 8556D8932959E47C00ACC468 /* MyExpensesUITestsLaunchTests.swift */; };
/* End PBXBuildFile section */

/* Begin PBXContainerItemProxy section */
		8556D8842959E47C00ACC468 /* PBXContainerItemProxy */ = {
			isa = PBXContainerItemProxy;
			containerPortal = 8556D86A2959E47B00ACC468 /* Project object */;
			proxyType = 1;
			remoteGlobalIDString = 8556D8712959E47B00ACC468;
			remoteInfo = MyExpenses;
		};
		8556D88E2959E47C00ACC468 /* PBXContainerItemProxy */ = {
			isa = PBXContainerItemProxy;
			containerPortal = 8556D86A2959E47B00ACC468 /* Project object */;
			proxyType = 1;
			remoteGlobalIDString = 8556D8712959E47B00ACC468;
			remoteInfo = MyExpenses;
		};
/* End PBXContainerItemProxy section */

/* Begin PBXFileReference section */
		8556D8722959E47B00ACC468 /* MyExpenses.app */ = {isa = PBXFileReference; explicitFileType = wrapper.application; includeInIndex = 0; path = MyExpenses.app; sourceTree = BUILT_PRODUCTS_DIR; };
		8556D8752959E47B00ACC468 /* MyExpensesApp.swift */ = {isa = PBXFileReference; lastKnownFileType = sourcecode.swift; path = MyExpensesApp.swift; sourceTree = "<group>"; };
		8556D8772959E47B00ACC468 /* ContentView.swift */ = {isa = PBXFileReference; lastKnownFileType = sourcecode.swift; path = ContentView.swift; sourceTree = "<group>"; };
		8556D8792959E47C00ACC468 /* Assets.xcassets */ = {isa = PBXFileReference; lastKnownFileType = folder.assetcatalog; path = Assets.xcassets; sourceTree = "<group>"; };
		8556D87B2959E47C00ACC468 /* MyExpenses.entitlements */ = {isa = PBXFileReference; lastKnownFileType = text.plist.entitlements; path = MyExpenses.entitlements; sourceTree = "<group>"; };
		8556D87D2959E47C00ACC468 /* Preview Assets.xcassets */ = {isa = PBXFileReference; lastKnownFileType = folder.assetcatalog; path = "Preview Assets.xcassets"; sourceTree = "<group>"; };
		8556D8832959E47C00ACC468 /* MyExpensesTests.xctest */ = {isa = PBXFileReference; explicitFileType = wrapper.cfbundle; includeInIndex = 0; path = MyExpensesTests.xctest; sourceTree = BUILT_PRODUCTS_DIR; };
		8556D8872959E47C00ACC468 /* MyExpensesTests.swift */ = {isa = PBXFileReference; lastKnownFileType = sourcecode.swift; path = MyExpensesTests.swift; sourceTree = "<group>"; };
		8556D88D2959E47C00ACC468 /* MyExpensesUITests.xctest */ = {isa = PBXFileReference; explicitFileType = wrapper.cfbundle; includeInIndex = 0; path = MyExpensesUITests.xctest; sourceTree = BUILT_PRODUCTS_DIR; };
		8556D8912959E47C00ACC468 /* MyExpensesUITests.swift */ = {isa = PBXFileReference; lastKnownFileType = sourcecode.swift; path = MyExpensesUITests.swift; sourceTree = "<group>"; };
		8556D8932959E47C00ACC468 /* MyExpensesUITestsLaunchTests.swift */ = {isa = PBXFileReference; lastKnownFileType = sourcecode.swift; path = MyExpensesUITestsLaunchTests.swift; sourceTree = "<group>"; };
/* End PBXFileReference section */

/* Begin PBXFrameworksBuildPhase section */
		8556D86F2959E47B00ACC468 /* Frameworks */ = {
			isa = PBXFrameworksBuildPhase;
			buildActionMask = 2147483647;
			files = (
			);
			runOnlyForDeploymentPostprocessing = 0;
		};
		8556D8802959E47C00ACC468 /* Frameworks */ = {
			isa = PBXFrameworksBuildPhase;
			buildActionMask = 2147483647;
			files = (
			);
			runOnlyForDeploymentPostprocessing = 0;
		};
		8556D88A2959E47C00ACC468 /* Frameworks */ = {
			isa = PBXFrameworksBuildPhase;
			buildActionMask = 2147483647;
			files = (
			);
			runOnlyForDeploymentPostprocessing = 0;
		};
/* End PBXFrameworksBuildPhase section */

/* Begin PBXGroup section */
		8556D8692959E47B00ACC468 = {
			isa = PBXGroup;
			children = (
				8556D8742959E47B00ACC468 /* MyExpenses */,
				8556D8862959E47C00ACC468 /* MyExpensesTests */,
				8556D8902959E47C00ACC468 /* MyExpensesUITests */,
				8556D8732959E47B00ACC468 /* Products */,
			);
			sourceTree = "<group>";
		};
		8556D8732959E47B00ACC468 /* Products */ = {
			isa = PBXGroup;
			children = (
				8556D8722959E47B00ACC468 /* MyExpenses.app */,
				8556D8832959E47C00ACC468 /* MyExpensesTests.xctest */,
				8556D88D2959E47C00ACC468 /* MyExpensesUITests.xctest */,
			);
			name = Products;
			sourceTree = "<group>";
		};
		8556D8742959E47B00ACC468 /* MyExpenses */ = {
			isa = PBXGroup;
			children = (
				8556D8752959E47B00ACC468 /* MyExpensesApp.swift */,
				8556D8772959E47B00ACC468 /* ContentView.swift */,
				8556D8792959E47C00ACC468 /* Assets.xcassets */,
				8556D87B2959E47C00ACC468 /* MyExpenses.entitlements */,
				8556D87C2959E47C00ACC468 /* Preview Content */,
			);
			path = MyExpenses;
			sourceTree = "<group>";
		};
		8556D87C2959E47C00ACC468 /* Preview Content */ = {
			isa = PBXGroup;
			children = (
				8556D87D2959E47C00ACC468 /* Preview Assets.xcassets */,
			);
			path = "Preview Content";
			sourceTree = "<group>";
		};
		8556D8862959E47C00ACC468 /* MyExpensesTests */ = {
			isa = PBXGroup;
			children = (
				8556D8872959E47C00ACC468 /* MyExpensesTests.swift */,
			);
			path = MyExpensesTests;
			sourceTree = "<group>";
		};
		8556D8902959E47C00ACC468 /* MyExpensesUITests */ = {
			isa = PBXGroup;
			children = (
				8556D8912959E47C00ACC468 /* MyExpensesUITests.swift */,
				8556D8932959E47C00ACC468 /* MyExpensesUITestsLaunchTests.swift */,
			);
			path = MyExpensesUITests;
			sourceTree = "<group>";
		};
/* End PBXGroup section */

/* Begin PBXNativeTarget section */
		8556D8712959E47B00ACC468 /* MyExpenses */ = {
			isa = PBXNativeTarget;
			buildConfigurationList = 8556D8972959E47C00ACC468 /* Build configuration list for PBXNativeTarget "MyExpenses" */;
			buildPhases = (
				8556D86E2959E47B00ACC468 /* Sources */,
				8556D86F2959E47B00ACC468 /* Frameworks */,
				8556D8702959E47B00ACC468 /* Resources */,
			);
			buildRules = (
			);
			dependencies = (
			);
			name = MyExpenses;
			productName = MyExpenses;
			productReference = 8556D8722959E47B00ACC468 /* MyExpenses.app */;
			productType = "com.apple.product-type.application";
		};
		8556D8822959E47C00ACC468 /* MyExpensesTests */ = {
			isa = PBXNativeTarget;
			buildConfigurationList = 8556D89A2959E47C00ACC468 /* Build configuration list for PBXNativeTarget "MyExpensesTests" */;
			buildPhases = (
				8556D87F2959E47C00ACC468 /* Sources */,
				8556D8802959E47C00ACC468 /* Frameworks */,
				8556D8812959E47C00ACC468 /* Resources */,
			);
			buildRules = (
			);
			dependencies = (
				8556D8852959E47C00ACC468 /* PBXTargetDependency */,
			);
			name = MyExpensesTests;
			productName = MyExpensesTests;
			productReference = 8556D8832959E47C00ACC468 /* MyExpensesTests.xctest */;
			productType = "com.apple.product-type.bundle.unit-test";
		};
		8556D88C2959E47C00ACC468 /* MyExpensesUITests */ = {
			isa = PBXNativeTarget;
			buildConfigurationList = 8556D89D2959E47C00ACC468 /* Build configuration list for PBXNativeTarget "MyExpensesUITests" */;
			buildPhases = (
				8556D8892959E47C00ACC468 /* Sources */,
				8556D88A2959E47C00ACC468 /* Frameworks */,
				8556D88B2959E47C00ACC468 /* Resources */,
			);
			buildRules = (
			);
			dependencies = (
				8556D88F2959E47C00ACC468 /* PBXTargetDependency */,
			);
			name = MyExpensesUITests;
			productName = MyExpensesUITests;
			productReference = 8556D88D2959E47C00ACC468 /* MyExpensesUITests.xctest */;
			productType = "com.apple.product-type.bundle.ui-testing";
		};
/* End PBXNativeTarget section */

/* Begin PBXProject section */
		8556D86A2959E47B00ACC468 /* Project object */ = {
			isa = PBXProject;
			attributes = {
				BuildIndependentTargetsInParallel = 1;
				LastSwiftUpdateCheck = 1410;
				LastUpgradeCheck = 1410;
				TargetAttributes = {
					8556D8712959E47B00ACC468 = {
						CreatedOnToolsVersion = 14.1;
					};
					8556D8822959E47C00ACC468 = {
						CreatedOnToolsVersion = 14.1;
						TestTargetID = 8556D8712959E47B00ACC468;
					};
					8556D88C2959E47C00ACC468 = {
						CreatedOnToolsVersion = 14.1;
						TestTargetID = 8556D8712959E47B00ACC468;
					};
				};
			};
			buildConfigurationList = 8556D86D2959E47B00ACC468 /* Build configuration list for PBXProject "MyExpenses" */;
			compatibilityVersion = "Xcode 14.0";
			developmentRegion = en;
			hasScannedForEncodings = 0;
			knownRegions = (
				en,
				Base,
			);
			mainGroup = 8556D8692959E47B00ACC468;
			productRefGroup = 8556D8732959E47B00ACC468 /* Products */;
			projectDirPath = "";
			projectRoot = "";
			targets = (
				8556D8712959E47B00ACC468 /* MyExpenses */,
				8556D8822959E47C00ACC468 /* MyExpensesTests */,
				8556D88C2959E47C00ACC468 /* MyExpensesUITests */,
			);
		};
/* End PBXProject section */

/* Begin PBXResourcesBuildPhase section */
		8556D8702959E47B00ACC468 /* Resources */ = {
			isa = PBXResourcesBuildPhase;
			buildActionMask = 2147483647;
			files = (
				8556D87E2959E47C00ACC468 /* Preview Assets.xcassets in Resources */,
				8556D87A2959E47C00ACC468 /* Assets.xcassets in Resources */,
			);
			runOnlyForDeploymentPostprocessing = 0;
		};
		8556D8812959E47C00ACC468 /* Resources */ = {
			isa = PBXResourcesBuildPhase;
			buildActionMask = 2147483647;
			files = (
			);
			runOnlyForDeploymentPostprocessing = 0;
		};
		8556D88B2959E47C00ACC468 /* Resources */ = {
			isa = PBXResourcesBuildPhase;
			buildActionMask = 2147483647;
			files = (
			);
			runOnlyForDeploymentPostprocessing = 0;
		};
/* End PBXResourcesBuildPhase section */

/* Begin PBXSourcesBuildPhase section */
		8556D86E2959E47B00ACC468 /* Sources */ = {
			isa = PBXSourcesBuildPhase;
			buildActionMask = 2147483647;
			files = (
				8556D8782959E47B00ACC468 /* ContentView.swift in Sources */,
				8556D8762959E47B00ACC468 /* MyExpensesApp.swift in Sources */,
			);
			runOnlyForDeploymentPostprocessing = 0;
		};
		8556D87F2959E47C00ACC468 /* Sources */ = {
			isa = PBXSourcesBuildPhase;
			buildActionMask = 2147483647;
			files = (
				8556D8882959E47C00ACC468 /* MyExpensesTests.swift in Sources */,
			);
			runOnlyForDeploymentPostprocessing = 0;
		};
		8556D8892959E47C00ACC468 /* Sources */ = {
			isa = PBXSourcesBuildPhase;
			buildActionMask = 2147483647;
			files = (
				8556D8922959E47C00ACC468 /* MyExpensesUITests.swift in Sources */,
				8556D8942959E47C00ACC468 /* MyExpensesUITestsLaunchTests.swift in Sources */,
			);
			runOnlyForDeploymentPostprocessing = 0;
		};
/* End PBXSourcesBuildPhase section */

/* Begin PBXTargetDependency section */
		8556D8852959E47C00ACC468 /* PBXTargetDependency */ = {
			isa = PBXTargetDependency;
			target = 8556D8712959E47B00ACC468 /* MyExpenses */;
			targetProxy = 8556D8842959E47C00ACC468 /* PBXContainerItemProxy */;
		};
		8556D88F2959E47C00ACC468 /* PBXTargetDependency */ = {
			isa = PBXTargetDependency;
			target = 8556D8712959E47B00ACC468 /* MyExpenses */;
			targetProxy = 8556D88E2959E47C00ACC468 /* PBXContainerItemProxy */;
		};
/* End PBXTargetDependency section */

/* Begin XCBuildConfiguration section */
		8556D8952959E47C00ACC468 /* Debug */ = {
			isa = XCBuildConfiguration;
			buildSettings = {
				ALWAYS_SEARCH_USER_PATHS = NO;
				CLANG_ANALYZER_NONNULL = YES;
				CLANG_ANALYZER_NUMBER_OBJECT_CONVERSION = YES_AGGRESSIVE;
				CLANG_CXX_LANGUAGE_STANDARD = "gnu++20";
				CLANG_ENABLE_MODULES = YES;
				CLANG_ENABLE_OBJC_ARC = YES;
				CLANG_ENABLE_OBJC_WEAK = YES;
				CLANG_WARN_BLOCK_CAPTURE_AUTORELEASING = YES;
				CLANG_WARN_BOOL_CONVERSION = YES;
				CLANG_WARN_COMMA = YES;
				CLANG_WARN_CONSTANT_CONVERSION = YES;
				CLANG_WARN_DEPRECATED_OBJC_IMPLEMENTATIONS = YES;
				CLANG_WARN_DIRECT_OBJC_ISA_USAGE = YES_ERROR;
				CLANG_WARN_DOCUMENTATION_COMMENTS = YES;
				CLANG_WARN_EMPTY_BODY = YES;
				CLANG_WARN_ENUM_CONVERSION = YES;
				CLANG_WARN_INFINITE_RECURSION = YES;
				CLANG_WARN_INT_CONVERSION = YES;
				CLANG_WARN_NON_LITERAL_NULL_CONVERSION = YES;
				CLANG_WARN_OBJC_IMPLICIT_RETAIN_SELF = YES;
				CLANG_WARN_OBJC_LITERAL_CONVERSION = YES;
				CLANG_WARN_OBJC_ROOT_CLASS = YES_ERROR;
				CLANG_WARN_QUOTED_INCLUDE_IN_FRAMEWORK_HEADER = YES;
				CLANG_WARN_RANGE_LOOP_ANALYSIS = YES;
				CLANG_WARN_STRICT_PROTOTYPES = YES;
				CLANG_WARN_SUSPICIOUS_MOVE = YES;
				CLANG_WARN_UNGUARDED_AVAILABILITY = YES_AGGRESSIVE;
				CLANG_WARN_UNREACHABLE_CODE = YES;
				CLANG_WARN__DUPLICATE_METHOD_MATCH = YES;
				COPY_PHASE_STRIP = NO;
				DEBUG_INFORMATION_FORMAT = dwarf;
				ENABLE_STRICT_OBJC_MSGSEND = YES;
				ENABLE_TESTABILITY = YES;
				GCC_C_LANGUAGE_STANDARD = gnu11;
				GCC_DYNAMIC_NO_PIC = NO;
				GCC_NO_COMMON_BLOCKS = YES;
				GCC_OPTIMIZATION_LEVEL = 0;
				GCC_PREPROCESSOR_DEFINITIONS = (
					"DEBUG=1",
					"$(inherited)",
				);
				GCC_WARN_64_TO_32_BIT_CONVERSION = YES;
				GCC_WARN_ABOUT_RETURN_TYPE = YES_ERROR;
				GCC_WARN_UNDECLARED_SELECTOR = YES;
				GCC_WARN_UNINITIALIZED_AUTOS = YES_AGGRESSIVE;
				GCC_WARN_UNUSED_FUNCTION = YES;
				GCC_WARN_UNUSED_VARIABLE = YES;
				MTL_ENABLE_DEBUG_INFO = INCLUDE_SOURCE;
				MTL_FAST_MATH = YES;
				ONLY_ACTIVE_ARCH = YES;
				SWIFT_ACTIVE_COMPILATION_CONDITIONS = DEBUG;
				SWIFT_OPTIMIZATION_LEVEL = "-Onone";
			};
			name = Debug;
		};
		8556D8962959E47C00ACC468 /* Release */ = {
			isa = XCBuildConfiguration;
			buildSettings = {
				ALWAYS_SEARCH_USER_PATHS = NO;
				CLANG_ANALYZER_NONNULL = YES;
				CLANG_ANALYZER_NUMBER_OBJECT_CONVERSION = YES_AGGRESSIVE;
				CLANG_CXX_LANGUAGE_STANDARD = "gnu++20";
				CLANG_ENABLE_MODULES = YES;
				CLANG_ENABLE_OBJC_ARC = YES;
				CLANG_ENABLE_OBJC_WEAK = YES;
				CLANG_WARN_BLOCK_CAPTURE_AUTORELEASING = YES;
				CLANG_WARN_BOOL_CONVERSION = YES;
				CLANG_WARN_COMMA = YES;
				CLANG_WARN_CONSTANT_CONVERSION = YES;
				CLANG_WARN_DEPRECATED_OBJC_IMPLEMENTATIONS = YES;
				CLANG_WARN_DIRECT_OBJC_ISA_USAGE = YES_ERROR;
				CLANG_WARN_DOCUMENTATION_COMMENTS = YES;
				CLANG_WARN_EMPTY_BODY = YES;
				CLANG_WARN_ENUM_CONVERSION = YES;
				CLANG_WARN_INFINITE_RECURSION = YES;
				CLANG_WARN_INT_CONVERSION = YES;
				CLANG_WARN_NON_LITERAL_NULL_CONVERSION = YES;
				CLANG_WARN_OBJC_IMPLICIT_RETAIN_SELF = YES;
				CLANG_WARN_OBJC_LITERAL_CONVERSION = YES;
				CLANG_WARN_OBJC_ROOT_CLASS = YES_ERROR;
				CLANG_WARN_QUOTED_INCLUDE_IN_FRAMEWORK_HEADER = YES;
				CLANG_WARN_RANGE_LOOP_ANALYSIS = YES;
				CLANG_WARN_STRICT_PROTOTYPES = YES;
				CLANG_WARN_SUSPICIOUS_MOVE = YES;
				CLANG_WARN_UNGUARDED_AVAILABILITY = YES_AGGRESSIVE;
				CLANG_WARN_UNREACHABLE_CODE = YES;
				CLANG_WARN__DUPLICATE_METHOD_MATCH = YES;
				COPY_PHASE_STRIP = NO;
				DEBUG_INFORMATION_FORMAT = "dwarf-with-dsym";
				ENABLE_NS_ASSERTIONS = NO;
				ENABLE_STRICT_OBJC_MSGSEND = YES;
				GCC_C_LANGUAGE_STANDARD = gnu11;
				GCC_NO_COMMON_BLOCKS = YES;
				GCC_WARN_64_TO_32_BIT_CONVERSION = YES;
				GCC_WARN_ABOUT_RETURN_TYPE = YES_ERROR;
				GCC_WARN_UNDECLARED_SELECTOR = YES;
				GCC_WARN_UNINITIALIZED_AUTOS = YES_AGGRESSIVE;
				GCC_WARN_UNUSED_FUNCTION = YES;
				GCC_WARN_UNUSED_VARIABLE = YES;
				MTL_ENABLE_DEBUG_INFO = NO;
				MTL_FAST_MATH = YES;
				SWIFT_COMPILATION_MODE = wholemodule;
				SWIFT_OPTIMIZATION_LEVEL = "-O";
			};
			name = Release;
		};
		8556D8982959E47C00ACC468 /* Debug */ = {
			isa = XCBuildConfiguration;
			buildSettings = {
				ASSETCATALOG_COMPILER_APPICON_NAME = AppIcon;
				ASSETCATALOG_COMPILER_GLOBAL_ACCENT_COLOR_NAME = AccentColor;
				CODE_SIGN_ENTITLEMENTS = MyExpenses/MyExpenses.entitlements;
				CODE_SIGN_STYLE = Automatic;
				CURRENT_PROJECT_VERSION = 1;
				DEVELOPMENT_ASSET_PATHS = "\"MyExpenses/Preview Content\"";
				DEVELOPMENT_TEAM = LV26W5MNWH;
				ENABLE_HARDENED_RUNTIME = YES;
				ENABLE_PREVIEWS = YES;
				GENERATE_INFOPLIST_FILE = YES;
				"INFOPLIST_KEY_UIApplicationSceneManifest_Generation[sdk=iphoneos*]" = YES;
				"INFOPLIST_KEY_UIApplicationSceneManifest_Generation[sdk=iphonesimulator*]" = YES;
				"INFOPLIST_KEY_UIApplicationSupportsIndirectInputEvents[sdk=iphoneos*]" = YES;
				"INFOPLIST_KEY_UIApplicationSupportsIndirectInputEvents[sdk=iphonesimulator*]" = YES;
				"INFOPLIST_KEY_UILaunchScreen_Generation[sdk=iphoneos*]" = YES;
				"INFOPLIST_KEY_UILaunchScreen_Generation[sdk=iphonesimulator*]" = YES;
				"INFOPLIST_KEY_UIStatusBarStyle[sdk=iphoneos*]" = UIStatusBarStyleDefault;
				"INFOPLIST_KEY_UIStatusBarStyle[sdk=iphonesimulator*]" = UIStatusBarStyleDefault;
				INFOPLIST_KEY_UISupportedInterfaceOrientations_iPad = "UIInterfaceOrientationPortrait UIInterfaceOrientationPortraitUpsideDown UIInterfaceOrientationLandscapeLeft UIInterfaceOrientationLandscapeRight";
				INFOPLIST_KEY_UISupportedInterfaceOrientations_iPhone = "UIInterfaceOrientationPortrait UIInterfaceOrientationLandscapeLeft UIInterfaceOrientationLandscapeRight";
				IPHONEOS_DEPLOYMENT_TARGET = 16.1;
				LD_RUNPATH_SEARCH_PATHS = "@executable_path/Frameworks";
				"LD_RUNPATH_SEARCH_PATHS[sdk=macosx*]" = "@executable_path/../Frameworks";
				MACOSX_DEPLOYMENT_TARGET = 13.0;
				MARKETING_VERSION = 1.0;
				PRODUCT_BUNDLE_IDENTIFIER = me.lucas.lima.MyExpenses;
				PRODUCT_NAME = "$(TARGET_NAME)";
				SDKROOT = auto;
				SUPPORTED_PLATFORMS = "iphoneos iphonesimulator macosx";
				SWIFT_EMIT_LOC_STRINGS = YES;
				SWIFT_VERSION = 5.0;
				TARGETED_DEVICE_FAMILY = "1,2";
			};
			name = Debug;
		};
		8556D8992959E47C00ACC468 /* Release */ = {
			isa = XCBuildConfiguration;
			buildSettings = {
				ASSETCATALOG_COMPILER_APPICON_NAME = AppIcon;
				ASSETCATALOG_COMPILER_GLOBAL_ACCENT_COLOR_NAME = AccentColor;
				CODE_SIGN_ENTITLEMENTS = MyExpenses/MyExpenses.entitlements;
				CODE_SIGN_STYLE = Automatic;
				CURRENT_PROJECT_VERSION = 1;
				DEVELOPMENT_ASSET_PATHS = "\"MyExpenses/Preview Content\"";
				DEVELOPMENT_TEAM = LV26W5MNWH;
				ENABLE_HARDENED_RUNTIME = YES;
				ENABLE_PREVIEWS = YES;
				GENERATE_INFOPLIST_FILE = YES;
				"INFOPLIST_KEY_UIApplicationSceneManifest_Generation[sdk=iphoneos*]" = YES;
				"INFOPLIST_KEY_UIApplicationSceneManifest_Generation[sdk=iphonesimulator*]" = YES;
				"INFOPLIST_KEY_UIApplicationSupportsIndirectInputEvents[sdk=iphoneos*]" = YES;
				"INFOPLIST_KEY_UIApplicationSupportsIndirectInputEvents[sdk=iphonesimulator*]" = YES;
				"INFOPLIST_KEY_UILaunchScreen_Generation[sdk=iphoneos*]" = YES;
				"INFOPLIST_KEY_UILaunchScreen_Generation[sdk=iphonesimulator*]" = YES;
				"INFOPLIST_KEY_UIStatusBarStyle[sdk=iphoneos*]" = UIStatusBarStyleDefault;
				"INFOPLIST_KEY_UIStatusBarStyle[sdk=iphonesimulator*]" = UIStatusBarStyleDefault;
				INFOPLIST_KEY_UISupportedInterfaceOrientations_iPad = "UIInterfaceOrientationPortrait UIInterfaceOrientationPortraitUpsideDown UIInterfaceOrientationLandscapeLeft UIInterfaceOrientationLandscapeRight";
				INFOPLIST_KEY_UISupportedInterfaceOrientations_iPhone = "UIInterfaceOrientationPortrait UIInterfaceOrientationLandscapeLeft UIInterfaceOrientationLandscapeRight";
				IPHONEOS_DEPLOYMENT_TARGET = 16.1;
				LD_RUNPATH_SEARCH_PATHS = "@executable_path/Frameworks";
				"LD_RUNPATH_SEARCH_PATHS[sdk=macosx*]" = "@executable_path/../Frameworks";
				MACOSX_DEPLOYMENT_TARGET = 13.0;
				MARKETING_VERSION = 1.0;
				PRODUCT_BUNDLE_IDENTIFIER = me.lucas.lima.MyExpenses;
				PRODUCT_NAME = "$(TARGET_NAME)";
				SDKROOT = auto;
				SUPPORTED_PLATFORMS = "iphoneos iphonesimulator macosx";
				SWIFT_EMIT_LOC_STRINGS = YES;
				SWIFT_VERSION = 5.0;
				TARGETED_DEVICE_FAMILY = "1,2";
			};
			name = Release;
		};
		8556D89B2959E47C00ACC468 /* Debug */ = {
			isa = XCBuildConfiguration;
			buildSettings = {
				ALWAYS_EMBED_SWIFT_STANDARD_LIBRARIES = YES;
				BUNDLE_LOADER = "$(TEST_HOST)";
				CODE_SIGN_STYLE = Automatic;
				CURRENT_PROJECT_VERSION = 1;
				DEVELOPMENT_TEAM = LV26W5MNWH;
				GENERATE_INFOPLIST_FILE = YES;
				IPHONEOS_DEPLOYMENT_TARGET = 16.1;
				MACOSX_DEPLOYMENT_TARGET = 13.0;
				MARKETING_VERSION = 1.0;
				PRODUCT_BUNDLE_IDENTIFIER = me.lucas.lima.MyExpensesTests;
				PRODUCT_NAME = "$(TARGET_NAME)";
				SDKROOT = auto;
				SUPPORTED_PLATFORMS = "iphoneos iphonesimulator macosx";
				SWIFT_EMIT_LOC_STRINGS = NO;
				SWIFT_VERSION = 5.0;
				TARGETED_DEVICE_FAMILY = "1,2";
				TEST_HOST = "$(BUILT_PRODUCTS_DIR)/MyExpenses.app/$(BUNDLE_EXECUTABLE_FOLDER_PATH)/MyExpenses";
			};
			name = Debug;
		};
		8556D89C2959E47C00ACC468 /* Release */ = {
			isa = XCBuildConfiguration;
			buildSettings = {
				ALWAYS_EMBED_SWIFT_STANDARD_LIBRARIES = YES;
				BUNDLE_LOADER = "$(TEST_HOST)";
				CODE_SIGN_STYLE = Automatic;
				CURRENT_PROJECT_VERSION = 1;
				DEVELOPMENT_TEAM = LV26W5MNWH;
				GENERATE_INFOPLIST_FILE = YES;
				IPHONEOS_DEPLOYMENT_TARGET = 16.1;
				MACOSX_DEPLOYMENT_TARGET = 13.0;
				MARKETING_VERSION = 1.0;
				PRODUCT_BUNDLE_IDENTIFIER = me.lucas.lima.MyExpensesTests;
				PRODUCT_NAME = "$(TARGET_NAME)";
				SDKROOT = auto;
				SUPPORTED_PLATFORMS = "iphoneos iphonesimulator macosx";
				SWIFT_EMIT_LOC_STRINGS = NO;
				SWIFT_VERSION = 5.0;
				TARGETED_DEVICE_FAMILY = "1,2";
				TEST_HOST = "$(BUILT_PRODUCTS_DIR)/MyExpenses.app/$(BUNDLE_EXECUTABLE_FOLDER_PATH)/MyExpenses";
			};
			name = Release;
		};
		8556D89E2959E47C00ACC468 /* Debug */ = {
			isa = XCBuildConfiguration;
			buildSettings = {
				ALWAYS_EMBED_SWIFT_STANDARD_LIBRARIES = YES;
				CODE_SIGN_STYLE = Automatic;
				CURRENT_PROJECT_VERSION = 1;
				DEVELOPMENT_TEAM = LV26W5MNWH;
				GENERATE_INFOPLIST_FILE = YES;
				IPHONEOS_DEPLOYMENT_TARGET = 16.1;
				MACOSX_DEPLOYMENT_TARGET = 13.0;
				MARKETING_VERSION = 1.0;
				PRODUCT_BUNDLE_IDENTIFIER = me.lucas.lima.MyExpensesUITests;
				PRODUCT_NAME = "$(TARGET_NAME)";
				SDKROOT = auto;
				SUPPORTED_PLATFORMS = "iphoneos iphonesimulator macosx";
				SWIFT_EMIT_LOC_STRINGS = NO;
				SWIFT_VERSION = 5.0;
				TARGETED_DEVICE_FAMILY = "1,2";
				TEST_TARGET_NAME = MyExpenses;
			};
			name = Debug;
		};
		8556D89F2959E47C00ACC468 /* Release */ = {
			isa = XCBuildConfiguration;
			buildSettings = {
				ALWAYS_EMBED_SWIFT_STANDARD_LIBRARIES = YES;
				CODE_SIGN_STYLE = Automatic;
				CURRENT_PROJECT_VERSION = 1;
				DEVELOPMENT_TEAM = LV26W5MNWH;
				GENERATE_INFOPLIST_FILE = YES;
				IPHONEOS_DEPLOYMENT_TARGET = 16.1;
				MACOSX_DEPLOYMENT_TARGET = 13.0;
				MARKETING_VERSION = 1.0;
				PRODUCT_BUNDLE_IDENTIFIER = me.lucas.lima.MyExpensesUITests;
				PRODUCT_NAME = "$(TARGET_NAME)";
				SDKROOT = auto;
				SUPPORTED_PLATFORMS = "iphoneos iphonesimulator macosx";
				SWIFT_EMIT_LOC_STRINGS = NO;
				SWIFT_VERSION = 5.0;
				TARGETED_DEVICE_FAMILY = "1,2";
				TEST_TARGET_NAME = MyExpenses;
			};
			name = Release;
		};
/* End XCBuildConfiguration section */

/* Begin XCConfigurationList section */
		8556D86D2959E47B00ACC468 /* Build configuration list for PBXProject "MyExpenses" */ = {
			isa = XCConfigurationList;
			buildConfigurations = (
				8556D8952959E47C00ACC468 /* Debug */,
				8556D8962959E47C00ACC468 /* Release */,
			);
			defaultConfigurationIsVisible = 0;
			defaultConfigurationName = Release;
		};
		8556D8972959E47C00ACC468 /* Build configuration list for PBXNativeTarget "MyExpenses" */ = {
			isa = XCConfigurationList;
			buildConfigurations = (
				8556D8982959E47C00ACC468 /* Debug */,
				8556D8992959E47C00ACC468 /* Release */,
			);
			defaultConfigurationIsVisible = 0;
			defaultConfigurationName = Release;
		};
		8556D89A2959E47C00ACC468 /* Build configuration list for PBXNativeTarget "MyExpensesTests" */ = {
			isa = XCConfigurationList;
			buildConfigurations = (
				8556D89B2959E47C00ACC468 /* Debug */,
				8556D89C2959E47C00ACC468 /* Release */,
			);
			defaultConfigurationIsVisible = 0;
			defaultConfigurationName = Release;
		};
		8556D89D2959E47C00ACC468 /* Build configuration list for PBXNativeTarget "MyExpensesUITests" */ = {
			isa = XCConfigurationList;
			buildConfigurations = (
				8556D89E2959E47C00ACC468 /* Debug */,
				8556D89F2959E47C00ACC468 /* Release */,
			);
			defaultConfigurationIsVisible = 0;
			defaultConfigurationName = Release;
		};
/* End XCConfigurationList section */
	};
	rootObject = 8556D86A2959E47B00ACC468 /* Project object */;
}
